
Microsoft Visual Studio Solution File, Format Version 11.00
# Visual Studio 2010
Project("{FAE04EC0-301F-11D3-BF4B-00C04F79EFBC}") = "ABR", "ABR\ABR.csproj", "{24A73CC0-F8B0-4380-8237-28B55661CECC}"
EndProject
Global
	GlobalSection(SolutionConfigurationPlatforms) = preSolution
		Debug|Any CPU = Debug|Any CPU
		Release|Any CPU = Release|Any CPU
	EndGlobalSection
	GlobalSection(ProjectConfigurationPlatforms) = postSolution
		{24A73CC0-F8B0-4380-8237-28B55661CECC}.Debug|Any CPU.ActiveCfg = Debug|Any CPU
		{24A73CC0-F8B0-4380-8237-28B55661CECC}.Debug|Any CPU.Build.0 = Debug|Any CPU
		{24A73CC0-F8B0-4380-8237-28B55661CECC}.Release|Any CPU.ActiveCfg = Release|Any CPU
		{24A73CC0-F8B0-4380-8237-28B55661CECC}.Release|Any CPU.Build.0 = Release|Any CPU
	EndGlobalSection
	GlobalSection(SolutionProperties) = preSolution
		HideSolutionNode = FALSE
	EndGlobalSection
EndGlobal
