
Microsoft Visual Studio Solution File, Format Version 11.00
# Visual Studio 2010
Project("{FAE04EC0-301F-11D3-BF4B-00C04F79EFBC}") = "nAMA", "nAMA\nAMA.csproj", "{89222F7C-C4A9-417F-B9D2-182E3D6D49F9}"
EndProject
Global
	GlobalSection(SolutionConfigurationPlatforms) = preSolution
		Debug|Any CPU = Debug|Any CPU
		Release|Any CPU = Release|Any CPU
	EndGlobalSection
	GlobalSection(ProjectConfigurationPlatforms) = postSolution
		{89222F7C-C4A9-417F-B9D2-182E3D6D49F9}.Debug|Any CPU.ActiveCfg = Debug|Any CPU
		{89222F7C-C4A9-417F-B9D2-182E3D6D49F9}.Debug|Any CPU.Build.0 = Debug|Any CPU
		{89222F7C-C4A9-417F-B9D2-182E3D6D49F9}.Release|Any CPU.ActiveCfg = Release|Any CPU
		{89222F7C-C4A9-417F-B9D2-182E3D6D49F9}.Release|Any CPU.Build.0 = Release|Any CPU
	EndGlobalSection
	GlobalSection(SolutionProperties) = preSolution
		HideSolutionNode = FALSE
	EndGlobalSection
EndGlobal
