
Microsoft Visual Studio Solution File, Format Version 11.00
# Visual Studio 2010
Project("{FAE04EC0-301F-11D3-BF4B-00C04F79EFBC}") = "Quantum", "Quantum\Quantum.csproj", "{D32E3700-B4E5-4518-91BF-B235B3E4F067}"
EndProject
Global
	GlobalSection(SolutionConfigurationPlatforms) = preSolution
		Debug|Any CPU = Debug|Any CPU
		Release|Any CPU = Release|Any CPU
	EndGlobalSection
	GlobalSection(ProjectConfigurationPlatforms) = postSolution
		{D32E3700-B4E5-4518-91BF-B235B3E4F067}.Debug|Any CPU.ActiveCfg = Debug|Any CPU
		{D32E3700-B4E5-4518-91BF-B235B3E4F067}.Debug|Any CPU.Build.0 = Debug|Any CPU
		{D32E3700-B4E5-4518-91BF-B235B3E4F067}.Release|Any CPU.ActiveCfg = Release|Any CPU
		{D32E3700-B4E5-4518-91BF-B235B3E4F067}.Release|Any CPU.Build.0 = Release|Any CPU
	EndGlobalSection
	GlobalSection(SolutionProperties) = preSolution
		HideSolutionNode = FALSE
	EndGlobalSection
EndGlobal
