
Microsoft Visual Studio Solution File, Format Version 11.00
# Visual Studio 2010
Project("{FAE04EC0-301F-11D3-BF4B-00C04F79EFBC}") = "nnoise", "nnoise\nnoise.csproj", "{ED6AFD15-6087-47E7-9739-1E11DB7F7890}"
EndProject
Global
	GlobalSection(SolutionConfigurationPlatforms) = preSolution
		Debug|Any CPU = Debug|Any CPU
		Release|Any CPU = Release|Any CPU
	EndGlobalSection
	GlobalSection(ProjectConfigurationPlatforms) = postSolution
		{ED6AFD15-6087-47E7-9739-1E11DB7F7890}.Debug|Any CPU.ActiveCfg = Debug|Any CPU
		{ED6AFD15-6087-47E7-9739-1E11DB7F7890}.Debug|Any CPU.Build.0 = Debug|Any CPU
		{ED6AFD15-6087-47E7-9739-1E11DB7F7890}.Release|Any CPU.ActiveCfg = Release|Any CPU
		{ED6AFD15-6087-47E7-9739-1E11DB7F7890}.Release|Any CPU.Build.0 = Release|Any CPU
	EndGlobalSection
	GlobalSection(SolutionProperties) = preSolution
		HideSolutionNode = FALSE
	EndGlobalSection
EndGlobal
