
Microsoft Visual Studio Solution File, Format Version 11.00
# Visual Studio 2010
Project("{FAE04EC0-301F-11D3-BF4B-00C04F79EFBC}") = "Predator Box (2)", "Predator Box (2)\Predator Box (2).csproj", "{21781E15-14C4-4FAD-9CF8-91412D001190}"
EndProject
Global
	GlobalSection(SolutionConfigurationPlatforms) = preSolution
		Debug|Any CPU = Debug|Any CPU
		Release|Any CPU = Release|Any CPU
	EndGlobalSection
	GlobalSection(ProjectConfigurationPlatforms) = postSolution
		{21781E15-14C4-4FAD-9CF8-91412D001190}.Debug|Any CPU.ActiveCfg = Debug|Any CPU
		{21781E15-14C4-4FAD-9CF8-91412D001190}.Debug|Any CPU.Build.0 = Debug|Any CPU
		{21781E15-14C4-4FAD-9CF8-91412D001190}.Release|Any CPU.ActiveCfg = Release|Any CPU
		{21781E15-14C4-4FAD-9CF8-91412D001190}.Release|Any CPU.Build.0 = Release|Any CPU
	EndGlobalSection
	GlobalSection(SolutionProperties) = preSolution
		HideSolutionNode = FALSE
	EndGlobalSection
EndGlobal
